
Microsoft Visual Studio Solution File, Format Version 12.00
# Visual Studio 14
VisualStudioVersion = 14.0.25420.1
MinimumVisualStudioVersion = 10.0.40219.1
Project("{FAE04EC0-301F-11D3-BF4B-00C04F79EFBC}") = "NAWT.Data", "NAWT.Data\NAWT.Data.csproj", "{DCE104E8-8F72-4A25-BAC4-14E25F904609}"
EndProject
Project("{FAE04EC0-301F-11D3-BF4B-00C04F79EFBC}") = "NAWT.Service", "NAWT.Service\NAWT.Service.csproj", "{FC58B145-186B-47DE-8736-942D6B6A1E11}"
EndProject
Project("{FAE04EC0-301F-11D3-BF4B-00C04F79EFBC}") = "NAWT.Web", "NAWT.Web\NAWT.Web.csproj", "{F5B4CE21-E76D-4A44-8540-48CE0B3322EE}"
EndProject
Global
	GlobalSection(SolutionConfigurationPlatforms) = preSolution
		Debug|Any CPU = Debug|Any CPU
		Release|Any CPU = Release|Any CPU
	EndGlobalSection
	GlobalSection(ProjectConfigurationPlatforms) = postSolution
		{DCE104E8-8F72-4A25-BAC4-14E25F904609}.Debug|Any CPU.ActiveCfg = Debug|Any CPU
		{DCE104E8-8F72-4A25-BAC4-14E25F904609}.Debug|Any CPU.Build.0 = Debug|Any CPU
		{DCE104E8-8F72-4A25-BAC4-14E25F904609}.Release|Any CPU.ActiveCfg = Release|Any CPU
		{DCE104E8-8F72-4A25-BAC4-14E25F904609}.Release|Any CPU.Build.0 = Release|Any CPU
		{FC58B145-186B-47DE-8736-942D6B6A1E11}.Debug|Any CPU.ActiveCfg = Debug|Any CPU
		{FC58B145-186B-47DE-8736-942D6B6A1E11}.Debug|Any CPU.Build.0 = Debug|Any CPU
		{FC58B145-186B-47DE-8736-942D6B6A1E11}.Release|Any CPU.ActiveCfg = Release|Any CPU
		{FC58B145-186B-47DE-8736-942D6B6A1E11}.Release|Any CPU.Build.0 = Release|Any CPU
		{F5B4CE21-E76D-4A44-8540-48CE0B3322EE}.Debug|Any CPU.ActiveCfg = Debug|Any CPU
		{F5B4CE21-E76D-4A44-8540-48CE0B3322EE}.Debug|Any CPU.Build.0 = Debug|Any CPU
		{F5B4CE21-E76D-4A44-8540-48CE0B3322EE}.Release|Any CPU.ActiveCfg = Release|Any CPU
		{F5B4CE21-E76D-4A44-8540-48CE0B3322EE}.Release|Any CPU.Build.0 = Release|Any CPU
	EndGlobalSection
	GlobalSection(SolutionProperties) = preSolution
		HideSolutionNode = FALSE
	EndGlobalSection
EndGlobal
